
Microsoft Visual Studio Solution File, Format Version 12.00
# Visual Studio Version 18
VisualStudioVersion = 18.0.11217.181
MinimumVisualStudioVersion = 10.0.40219.1
Project("{9A19103F-16F7-4668-BE54-9A1E7A4F7556}") = "LiteGraph", "LiteGraph\LiteGraph.csproj", "{530AA793-5D92-401D-BF77-4C5199E7C1A8}"
EndProject
Project("{9A19103F-16F7-4668-BE54-9A1E7A4F7556}") = "Test", "Test\Test.csproj", "{F30D39C7-B0F1-4FB4-831F-52D49616EACC}"
EndProject
Project("{9A19103F-16F7-4668-BE54-9A1E7A4F7556}") = "LiteGraph.Server", "LiteGraph.Server\LiteGraph.Server.csproj", "{5DAF0F2C-6C68-4DF5-A901-62BFD44FC55A}"
EndProject
Project("{FAE04EC0-301F-11D3-BF4B-00C04F79EFBC}") = "Test.Automated", "Test.Automated\Test.Automated.csproj", "{D8386E4B-7744-4A65-928B-E22D85699916}"
EndProject
Project("{FAE04EC0-301F-11D3-BF4B-00C04F79EFBC}") = "LiteGraph.McpServer", "LiteGraph.McpServer\LiteGraph.McpServer.csproj", "{EB1E4922-9C90-2500-FF06-AFC1502A5D63}"
EndProject
Project("{FAE04EC0-301F-11D3-BF4B-00C04F79EFBC}") = "Test.Shared", "Test.Shared\Test.Shared.csproj", "{77007717-3205-4890-8CD2-1F4144807702}"
EndProject
Project("{FAE04EC0-301F-11D3-BF4B-00C04F79EFBC}") = "Test.Xunit", "Test.Xunit\Test.Xunit.csproj", "{3EBF39DA-EA6A-47A5-8335-5E8BE6F40CAA}"
EndProject
Project("{FAE04EC0-301F-11D3-BF4B-00C04F79EFBC}") = "Test.Nunit", "Test.Nunit\Test.Nunit.csproj", "{8E426B64-9872-48F7-9B22-3E862096EA60}"
EndProject
Project("{FAE04EC0-301F-11D3-BF4B-00C04F79EFBC}") = "LiteGraphConsole", "LiteGraphConsole\LiteGraphConsole.csproj", "{A59A09E6-D038-49DA-98F3-B7DF10C5BD07}"
EndProject
Project("{FAE04EC0-301F-11D3-BF4B-00C04F79EFBC}") = "LiteGraph.SampleDatabase", "LiteGraph.SampleDatabase\LiteGraph.SampleDatabase.csproj", "{7735775C-C526-4CDB-ACE7-34F38ADFAF42}"
EndProject
Project("{FAE04EC0-301F-11D3-BF4B-00C04F79EFBC}") = "Test.PerformanceAndScalability", "Test.PerformanceAndScalability\Test.PerformanceAndScalability.csproj", "{4381E377-CBA5-4F26-A76C-10765103021D}"
EndProject
Project("{FAE04EC0-301F-11D3-BF4B-00C04F79EFBC}") = "LoadGenerator", "LoadGenerator\LoadGenerator.csproj", "{8A3B0C5C-49AE-4F1E-BC14-E67A2DC64262}"
EndProject
Project("{FAE04EC0-301F-11D3-BF4B-00C04F79EFBC}") = "Test.Aot", "Test.Aot\Test.Aot.csproj", "{375D4DA2-F776-4333-BB75-90443330016C}"
EndProject
Global
	GlobalSection(SolutionConfigurationPlatforms) = preSolution
		Debug|Any CPU = Debug|Any CPU
		Debug|x64 = Debug|x64
		Debug|x86 = Debug|x86
		Release|Any CPU = Release|Any CPU
		Release|x64 = Release|x64
		Release|x86 = Release|x86
	EndGlobalSection
	GlobalSection(ProjectConfigurationPlatforms) = postSolution
		{530AA793-5D92-401D-BF77-4C5199E7C1A8}.Debug|Any CPU.ActiveCfg = Debug|Any CPU
		{530AA793-5D92-401D-BF77-4C5199E7C1A8}.Debug|Any CPU.Build.0 = Debug|Any CPU
		{530AA793-5D92-401D-BF77-4C5199E7C1A8}.Debug|x64.ActiveCfg = Debug|Any CPU
		{530AA793-5D92-401D-BF77-4C5199E7C1A8}.Debug|x64.Build.0 = Debug|Any CPU
		{530AA793-5D92-401D-BF77-4C5199E7C1A8}.Debug|x86.ActiveCfg = Debug|Any CPU
		{530AA793-5D92-401D-BF77-4C5199E7C1A8}.Debug|x86.Build.0 = Debug|Any CPU
		{530AA793-5D92-401D-BF77-4C5199E7C1A8}.Release|Any CPU.ActiveCfg = Release|Any CPU
		{530AA793-5D92-401D-BF77-4C5199E7C1A8}.Release|Any CPU.Build.0 = Release|Any CPU
		{530AA793-5D92-401D-BF77-4C5199E7C1A8}.Release|x64.ActiveCfg = Release|Any CPU
		{530AA793-5D92-401D-BF77-4C5199E7C1A8}.Release|x64.Build.0 = Release|Any CPU
		{530AA793-5D92-401D-BF77-4C5199E7C1A8}.Release|x86.ActiveCfg = Release|Any CPU
		{530AA793-5D92-401D-BF77-4C5199E7C1A8}.Release|x86.Build.0 = Release|Any CPU
		{F30D39C7-B0F1-4FB4-831F-52D49616EACC}.Debug|Any CPU.ActiveCfg = Debug|Any CPU
		{F30D39C7-B0F1-4FB4-831F-52D49616EACC}.Debug|Any CPU.Build.0 = Debug|Any CPU
		{F30D39C7-B0F1-4FB4-831F-52D49616EACC}.Debug|x64.ActiveCfg = Debug|Any CPU
		{F30D39C7-B0F1-4FB4-831F-52D49616EACC}.Debug|x64.Build.0 = Debug|Any CPU
		{F30D39C7-B0F1-4FB4-831F-52D49616EACC}.Debug|x86.ActiveCfg = Debug|Any CPU
		{F30D39C7-B0F1-4FB4-831F-52D49616EACC}.Debug|x86.Build.0 = Debug|Any CPU
		{F30D39C7-B0F1-4FB4-831F-52D49616EACC}.Release|Any CPU.ActiveCfg = Release|Any CPU
		{F30D39C7-B0F1-4FB4-831F-52D49616EACC}.Release|Any CPU.Build.0 = Release|Any CPU
		{F30D39C7-B0F1-4FB4-831F-52D49616EACC}.Release|x64.ActiveCfg = Release|Any CPU
		{F30D39C7-B0F1-4FB4-831F-52D49616EACC}.Release|x64.Build.0 = Release|Any CPU
		{F30D39C7-B0F1-4FB4-831F-52D49616EACC}.Release|x86.ActiveCfg = Release|Any CPU
		{F30D39C7-B0F1-4FB4-831F-52D49616EACC}.Release|x86.Build.0 = Release|Any CPU
		{5DAF0F2C-6C68-4DF5-A901-62BFD44FC55A}.Debug|Any CPU.ActiveCfg = Debug|Any CPU
		{5DAF0F2C-6C68-4DF5-A901-62BFD44FC55A}.Debug|Any CPU.Build.0 = Debug|Any CPU
		{5DAF0F2C-6C68-4DF5-A901-62BFD44FC55A}.Debug|x64.ActiveCfg = Debug|Any CPU
		{5DAF0F2C-6C68-4DF5-A901-62BFD44FC55A}.Debug|x64.Build.0 = Debug|Any CPU
		{5DAF0F2C-6C68-4DF5-A901-62BFD44FC55A}.Debug|x86.ActiveCfg = Debug|Any CPU
		{5DAF0F2C-6C68-4DF5-A901-62BFD44FC55A}.Debug|x86.Build.0 = Debug|Any CPU
		{5DAF0F2C-6C68-4DF5-A901-62BFD44FC55A}.Release|Any CPU.ActiveCfg = Release|Any CPU
		{5DAF0F2C-6C68-4DF5-A901-62BFD44FC55A}.Release|Any CPU.Build.0 = Release|Any CPU
		{5DAF0F2C-6C68-4DF5-A901-62BFD44FC55A}.Release|x64.ActiveCfg = Release|Any CPU
		{5DAF0F2C-6C68-4DF5-A901-62BFD44FC55A}.Release|x64.Build.0 = Release|Any CPU
		{5DAF0F2C-6C68-4DF5-A901-62BFD44FC55A}.Release|x86.ActiveCfg = Release|Any CPU
		{5DAF0F2C-6C68-4DF5-A901-62BFD44FC55A}.Release|x86.Build.0 = Release|Any CPU
		{D8386E4B-7744-4A65-928B-E22D85699916}.Debug|Any CPU.ActiveCfg = Debug|Any CPU
		{D8386E4B-7744-4A65-928B-E22D85699916}.Debug|Any CPU.Build.0 = Debug|Any CPU
		{D8386E4B-7744-4A65-928B-E22D85699916}.Debug|x64.ActiveCfg = Debug|Any CPU
		{D8386E4B-7744-4A65-928B-E22D85699916}.Debug|x64.Build.0 = Debug|Any CPU
		{D8386E4B-7744-4A65-928B-E22D85699916}.Debug|x86.ActiveCfg = Debug|Any CPU
		{D8386E4B-7744-4A65-928B-E22D85699916}.Debug|x86.Build.0 = Debug|Any CPU
		{D8386E4B-7744-4A65-928B-E22D85699916}.Release|Any CPU.ActiveCfg = Release|Any CPU
		{D8386E4B-7744-4A65-928B-E22D85699916}.Release|Any CPU.Build.0 = Release|Any CPU
		{D8386E4B-7744-4A65-928B-E22D85699916}.Release|x64.ActiveCfg = Release|Any CPU
		{D8386E4B-7744-4A65-928B-E22D85699916}.Release|x64.Build.0 = Release|Any CPU
		{D8386E4B-7744-4A65-928B-E22D85699916}.Release|x86.ActiveCfg = Release|Any CPU
		{D8386E4B-7744-4A65-928B-E22D85699916}.Release|x86.Build.0 = Release|Any CPU
		{EB1E4922-9C90-2500-FF06-AFC1502A5D63}.Debug|Any CPU.ActiveCfg = Debug|Any CPU
		{EB1E4922-9C90-2500-FF06-AFC1502A5D63}.Debug|Any CPU.Build.0 = Debug|Any CPU
		{EB1E4922-9C90-2500-FF06-AFC1502A5D63}.Debug|x64.ActiveCfg = Debug|Any CPU
		{EB1E4922-9C90-2500-FF06-AFC1502A5D63}.Debug|x64.Build.0 = Debug|Any CPU
		{EB1E4922-9C90-2500-FF06-AFC1502A5D63}.Debug|x86.ActiveCfg = Debug|Any CPU
		{EB1E4922-9C90-2500-FF06-AFC1502A5D63}.Debug|x86.Build.0 = Debug|Any CPU
		{EB1E4922-9C90-2500-FF06-AFC1502A5D63}.Release|Any CPU.ActiveCfg = Release|Any CPU
		{EB1E4922-9C90-2500-FF06-AFC1502A5D63}.Release|Any CPU.Build.0 = Release|Any CPU
		{EB1E4922-9C90-2500-FF06-AFC1502A5D63}.Release|x64.ActiveCfg = Release|Any CPU
		{EB1E4922-9C90-2500-FF06-AFC1502A5D63}.Release|x64.Build.0 = Release|Any CPU
		{EB1E4922-9C90-2500-FF06-AFC1502A5D63}.Release|x86.ActiveCfg = Release|Any CPU
		{EB1E4922-9C90-2500-FF06-AFC1502A5D63}.Release|x86.Build.0 = Release|Any CPU
		{77007717-3205-4890-8CD2-1F4144807702}.Debug|Any CPU.ActiveCfg = Debug|Any CPU
		{77007717-3205-4890-8CD2-1F4144807702}.Debug|Any CPU.Build.0 = Debug|Any CPU
		{77007717-3205-4890-8CD2-1F4144807702}.Debug|x64.ActiveCfg = Debug|Any CPU
		{77007717-3205-4890-8CD2-1F4144807702}.Debug|x64.Build.0 = Debug|Any CPU
		{77007717-3205-4890-8CD2-1F4144807702}.Debug|x86.ActiveCfg = Debug|Any CPU
		{77007717-3205-4890-8CD2-1F4144807702}.Debug|x86.Build.0 = Debug|Any CPU
		{77007717-3205-4890-8CD2-1F4144807702}.Release|Any CPU.ActiveCfg = Release|Any CPU
		{77007717-3205-4890-8CD2-1F4144807702}.Release|Any CPU.Build.0 = Release|Any CPU
		{77007717-3205-4890-8CD2-1F4144807702}.Release|x64.ActiveCfg = Release|Any CPU
		{77007717-3205-4890-8CD2-1F4144807702}.Release|x64.Build.0 = Release|Any CPU
		{77007717-3205-4890-8CD2-1F4144807702}.Release|x86.ActiveCfg = Release|Any CPU
		{77007717-3205-4890-8CD2-1F4144807702}.Release|x86.Build.0 = Release|Any CPU
		{3EBF39DA-EA6A-47A5-8335-5E8BE6F40CAA}.Debug|Any CPU.ActiveCfg = Debug|Any CPU
		{3EBF39DA-EA6A-47A5-8335-5E8BE6F40CAA}.Debug|Any CPU.Build.0 = Debug|Any CPU
		{3EBF39DA-EA6A-47A5-8335-5E8BE6F40CAA}.Debug|x64.ActiveCfg = Debug|Any CPU
		{3EBF39DA-EA6A-47A5-8335-5E8BE6F40CAA}.Debug|x64.Build.0 = Debug|Any CPU
		{3EBF39DA-EA6A-47A5-8335-5E8BE6F40CAA}.Debug|x86.ActiveCfg = Debug|Any CPU
		{3EBF39DA-EA6A-47A5-8335-5E8BE6F40CAA}.Debug|x86.Build.0 = Debug|Any CPU
		{3EBF39DA-EA6A-47A5-8335-5E8BE6F40CAA}.Release|Any CPU.ActiveCfg = Release|Any CPU
		{3EBF39DA-EA6A-47A5-8335-5E8BE6F40CAA}.Release|Any CPU.Build.0 = Release|Any CPU
		{3EBF39DA-EA6A-47A5-8335-5E8BE6F40CAA}.Release|x64.ActiveCfg = Release|Any CPU
		{3EBF39DA-EA6A-47A5-8335-5E8BE6F40CAA}.Release|x64.Build.0 = Release|Any CPU
		{3EBF39DA-EA6A-47A5-8335-5E8BE6F40CAA}.Release|x86.ActiveCfg = Release|Any CPU
		{3EBF39DA-EA6A-47A5-8335-5E8BE6F40CAA}.Release|x86.Build.0 = Release|Any CPU
		{8E426B64-9872-48F7-9B22-3E862096EA60}.Debug|Any CPU.ActiveCfg = Debug|Any CPU
		{8E426B64-9872-48F7-9B22-3E862096EA60}.Debug|Any CPU.Build.0 = Debug|Any CPU
		{8E426B64-9872-48F7-9B22-3E862096EA60}.Debug|x64.ActiveCfg = Debug|Any CPU
		{8E426B64-9872-48F7-9B22-3E862096EA60}.Debug|x64.Build.0 = Debug|Any CPU
		{8E426B64-9872-48F7-9B22-3E862096EA60}.Debug|x86.ActiveCfg = Debug|Any CPU
		{8E426B64-9872-48F7-9B22-3E862096EA60}.Debug|x86.Build.0 = Debug|Any CPU
		{8E426B64-9872-48F7-9B22-3E862096EA60}.Release|Any CPU.ActiveCfg = Release|Any CPU
		{8E426B64-9872-48F7-9B22-3E862096EA60}.Release|Any CPU.Build.0 = Release|Any CPU
		{8E426B64-9872-48F7-9B22-3E862096EA60}.Release|x64.ActiveCfg = Release|Any CPU
		{8E426B64-9872-48F7-9B22-3E862096EA60}.Release|x64.Build.0 = Release|Any CPU
		{8E426B64-9872-48F7-9B22-3E862096EA60}.Release|x86.ActiveCfg = Release|Any CPU
		{8E426B64-9872-48F7-9B22-3E862096EA60}.Release|x86.Build.0 = Release|Any CPU
		{A59A09E6-D038-49DA-98F3-B7DF10C5BD07}.Debug|Any CPU.ActiveCfg = Debug|Any CPU
		{A59A09E6-D038-49DA-98F3-B7DF10C5BD07}.Debug|Any CPU.Build.0 = Debug|Any CPU
		{A59A09E6-D038-49DA-98F3-B7DF10C5BD07}.Debug|x64.ActiveCfg = Debug|Any CPU
		{A59A09E6-D038-49DA-98F3-B7DF10C5BD07}.Debug|x64.Build.0 = Debug|Any CPU
		{A59A09E6-D038-49DA-98F3-B7DF10C5BD07}.Debug|x86.ActiveCfg = Debug|Any CPU
		{A59A09E6-D038-49DA-98F3-B7DF10C5BD07}.Debug|x86.Build.0 = Debug|Any CPU
		{A59A09E6-D038-49DA-98F3-B7DF10C5BD07}.Release|Any CPU.ActiveCfg = Release|Any CPU
		{A59A09E6-D038-49DA-98F3-B7DF10C5BD07}.Release|Any CPU.Build.0 = Release|Any CPU
		{A59A09E6-D038-49DA-98F3-B7DF10C5BD07}.Release|x64.ActiveCfg = Release|Any CPU
		{A59A09E6-D038-49DA-98F3-B7DF10C5BD07}.Release|x64.Build.0 = Release|Any CPU
		{A59A09E6-D038-49DA-98F3-B7DF10C5BD07}.Release|x86.ActiveCfg = Release|Any CPU
		{A59A09E6-D038-49DA-98F3-B7DF10C5BD07}.Release|x86.Build.0 = Release|Any CPU
		{7735775C-C526-4CDB-ACE7-34F38ADFAF42}.Debug|Any CPU.ActiveCfg = Debug|Any CPU
		{7735775C-C526-4CDB-ACE7-34F38ADFAF42}.Debug|Any CPU.Build.0 = Debug|Any CPU
		{7735775C-C526-4CDB-ACE7-34F38ADFAF42}.Debug|x64.ActiveCfg = Debug|Any CPU
		{7735775C-C526-4CDB-ACE7-34F38ADFAF42}.Debug|x64.Build.0 = Debug|Any CPU
		{7735775C-C526-4CDB-ACE7-34F38ADFAF42}.Debug|x86.ActiveCfg = Debug|Any CPU
		{7735775C-C526-4CDB-ACE7-34F38ADFAF42}.Debug|x86.Build.0 = Debug|Any CPU
		{7735775C-C526-4CDB-ACE7-34F38ADFAF42}.Release|Any CPU.ActiveCfg = Release|Any CPU
		{7735775C-C526-4CDB-ACE7-34F38ADFAF42}.Release|Any CPU.Build.0 = Release|Any CPU
		{7735775C-C526-4CDB-ACE7-34F38ADFAF42}.Release|x64.ActiveCfg = Release|Any CPU
		{7735775C-C526-4CDB-ACE7-34F38ADFAF42}.Release|x64.Build.0 = Release|Any CPU
		{7735775C-C526-4CDB-ACE7-34F38ADFAF42}.Release|x86.ActiveCfg = Release|Any CPU
		{7735775C-C526-4CDB-ACE7-34F38ADFAF42}.Release|x86.Build.0 = Release|Any CPU
		{4381E377-CBA5-4F26-A76C-10765103021D}.Debug|Any CPU.ActiveCfg = Debug|Any CPU
		{4381E377-CBA5-4F26-A76C-10765103021D}.Debug|Any CPU.Build.0 = Debug|Any CPU
		{4381E377-CBA5-4F26-A76C-10765103021D}.Debug|x64.ActiveCfg = Debug|Any CPU
		{4381E377-CBA5-4F26-A76C-10765103021D}.Debug|x64.Build.0 = Debug|Any CPU
		{4381E377-CBA5-4F26-A76C-10765103021D}.Debug|x86.ActiveCfg = Debug|Any CPU
		{4381E377-CBA5-4F26-A76C-10765103021D}.Debug|x86.Build.0 = Debug|Any CPU
		{4381E377-CBA5-4F26-A76C-10765103021D}.Release|Any CPU.ActiveCfg = Release|Any CPU
		{4381E377-CBA5-4F26-A76C-10765103021D}.Release|Any CPU.Build.0 = Release|Any CPU
		{4381E377-CBA5-4F26-A76C-10765103021D}.Release|x64.ActiveCfg = Release|Any CPU
		{4381E377-CBA5-4F26-A76C-10765103021D}.Release|x64.Build.0 = Release|Any CPU
		{4381E377-CBA5-4F26-A76C-10765103021D}.Release|x86.ActiveCfg = Release|Any CPU
		{4381E377-CBA5-4F26-A76C-10765103021D}.Release|x86.Build.0 = Release|Any CPU
		{8A3B0C5C-49AE-4F1E-BC14-E67A2DC64262}.Debug|Any CPU.ActiveCfg = Debug|Any CPU
		{8A3B0C5C-49AE-4F1E-BC14-E67A2DC64262}.Debug|Any CPU.Build.0 = Debug|Any CPU
		{8A3B0C5C-49AE-4F1E-BC14-E67A2DC64262}.Debug|x64.ActiveCfg = Debug|Any CPU
		{8A3B0C5C-49AE-4F1E-BC14-E67A2DC64262}.Debug|x64.Build.0 = Debug|Any CPU
		{8A3B0C5C-49AE-4F1E-BC14-E67A2DC64262}.Debug|x86.ActiveCfg = Debug|Any CPU
		{8A3B0C5C-49AE-4F1E-BC14-E67A2DC64262}.Debug|x86.Build.0 = Debug|Any CPU
		{8A3B0C5C-49AE-4F1E-BC14-E67A2DC64262}.Release|Any CPU.ActiveCfg = Release|Any CPU
		{8A3B0C5C-49AE-4F1E-BC14-E67A2DC64262}.Release|Any CPU.Build.0 = Release|Any CPU
		{8A3B0C5C-49AE-4F1E-BC14-E67A2DC64262}.Release|x64.ActiveCfg = Release|Any CPU
		{8A3B0C5C-49AE-4F1E-BC14-E67A2DC64262}.Release|x64.Build.0 = Release|Any CPU
		{8A3B0C5C-49AE-4F1E-BC14-E67A2DC64262}.Release|x86.ActiveCfg = Release|Any CPU
		{8A3B0C5C-49AE-4F1E-BC14-E67A2DC64262}.Release|x86.Build.0 = Release|Any CPU
		{375D4DA2-F776-4333-BB75-90443330016C}.Debug|Any CPU.ActiveCfg = Debug|Any CPU
		{375D4DA2-F776-4333-BB75-90443330016C}.Debug|Any CPU.Build.0 = Debug|Any CPU
		{375D4DA2-F776-4333-BB75-90443330016C}.Debug|x64.ActiveCfg = Debug|Any CPU
		{375D4DA2-F776-4333-BB75-90443330016C}.Debug|x64.Build.0 = Debug|Any CPU
		{375D4DA2-F776-4333-BB75-90443330016C}.Debug|x86.ActiveCfg = Debug|Any CPU
		{375D4DA2-F776-4333-BB75-90443330016C}.Debug|x86.Build.0 = Debug|Any CPU
		{375D4DA2-F776-4333-BB75-90443330016C}.Release|Any CPU.ActiveCfg = Release|Any CPU
		{375D4DA2-F776-4333-BB75-90443330016C}.Release|Any CPU.Build.0 = Release|Any CPU
		{375D4DA2-F776-4333-BB75-90443330016C}.Release|x64.ActiveCfg = Release|Any CPU
		{375D4DA2-F776-4333-BB75-90443330016C}.Release|x64.Build.0 = Release|Any CPU
		{375D4DA2-F776-4333-BB75-90443330016C}.Release|x86.ActiveCfg = Release|Any CPU
		{375D4DA2-F776-4333-BB75-90443330016C}.Release|x86.Build.0 = Release|Any CPU
	EndGlobalSection
	GlobalSection(SolutionProperties) = preSolution
		HideSolutionNode = FALSE
	EndGlobalSection
	GlobalSection(ExtensibilityGlobals) = postSolution
		SolutionGuid = {67C5ECF8-D65A-4D16-BAC6-EAE63450A728}
	EndGlobalSection
EndGlobal
